
Microsoft Visual Studio Solution File, Format Version 12.00
# Visual Studio Version 17
VisualStudioVersion = 17.9.34728.123
MinimumVisualStudioVersion = 10.0.40219.1
Project("{FAE04EC0-301F-11D3-BF4B-00C04F79EFBC}") = "CRUD", "CRUD\CRUD.csproj", "{B4F99F89-924E-4795-A124-6C5D3CBCA245}"
EndProject
Global
	GlobalSection(SolutionConfigurationPlatforms) = preSolution
		Debug|Any CPU = Debug|Any CPU
		Release|Any CPU = Release|Any CPU
	EndGlobalSection
	GlobalSection(ProjectConfigurationPlatforms) = postSolution
		{B4F99F89-924E-4795-A124-6C5D3CBCA245}.Debug|Any CPU.ActiveCfg = Debug|Any CPU
		{B4F99F89-924E-4795-A124-6C5D3CBCA245}.Debug|Any CPU.Build.0 = Debug|Any CPU
		{B4F99F89-924E-4795-A124-6C5D3CBCA245}.Release|Any CPU.ActiveCfg = Release|Any CPU
		{B4F99F89-924E-4795-A124-6C5D3CBCA245}.Release|Any CPU.Build.0 = Release|Any CPU
	EndGlobalSection
	GlobalSection(SolutionProperties) = preSolution
		HideSolutionNode = FALSE
	EndGlobalSection
	GlobalSection(ExtensibilityGlobals) = postSolution
		SolutionGuid = {A0293E96-A3C6-4D25-B64F-D99896FB172C}
	EndGlobalSection
EndGlobal
